
Microsoft Visual Studio Solution File, Format Version 12.00
# Visual Studio 2013
VisualStudioVersion = 12.0.30501.0
MinimumVisualStudioVersion = 10.0.40219.1
Project("{FAE04EC0-301F-11D3-BF4B-00C04F79EFBC}") = "MemberLoginSSRS", "MemberLoginSSRS\MemberLoginSSRS.csproj", "{BA1078C8-8F00-4AC0-818D-5A9754A9C8BD}"
	ProjectSection(ProjectDependencies) = postProject
		{B7F6A951-ECE3-4BDD-BE20-0F7FFD944695} = {B7F6A951-ECE3-4BDD-BE20-0F7FFD944695}
	EndProjectSection
EndProject
Project("{FAE04EC0-301F-11D3-BF4B-00C04F79EFBC}") = "ReportViewerForMvc", "ReportViewerForMvc\ReportViewerForMvc.csproj", "{B7F6A951-ECE3-4BDD-BE20-0F7FFD944695}"
EndProject
Project("{2150E333-8FDC-42A3-9474-1A3956D46DE8}") = ".nuget", ".nuget", "{03F2B97B-184E-45A8-8F24-7BEBB3045BB6}"
	ProjectSection(SolutionItems) = preProject
		.nuget\NuGet.Config = .nuget\NuGet.Config
		.nuget\NuGet.exe = .nuget\NuGet.exe
		.nuget\NuGet.targets = .nuget\NuGet.targets
	EndProjectSection
EndProject
Global
	GlobalSection(TeamFoundationVersionControl) = preSolution
		SccNumberOfProjects = 3
		SccEnterpriseProvider = {4CA58AB2-18FA-4F8D-95D4-32DDF27D184C}
		SccTeamFoundationServer = https://sjfbbmmoo.visualstudio.com/defaultcollection
		SccLocalPath0 = .
		SccProjectUniqueName1 = MemberLoginSSRS\\MemberLoginSSRS.csproj
		SccProjectName1 = MemberLoginSSRS
		SccLocalPath1 = MemberLoginSSRS
		SccProjectUniqueName2 = ReportViewerForMvc\\ReportViewerForMvc.csproj
		SccProjectName2 = ReportViewerForMvc
		SccLocalPath2 = ReportViewerForMvc
	EndGlobalSection
	GlobalSection(SolutionConfigurationPlatforms) = preSolution
		Debug|Any CPU = Debug|Any CPU
		Release|Any CPU = Release|Any CPU
	EndGlobalSection
	GlobalSection(ProjectConfigurationPlatforms) = postSolution
		{BA1078C8-8F00-4AC0-818D-5A9754A9C8BD}.Debug|Any CPU.ActiveCfg = Debug|Any CPU
		{BA1078C8-8F00-4AC0-818D-5A9754A9C8BD}.Debug|Any CPU.Build.0 = Debug|Any CPU
		{BA1078C8-8F00-4AC0-818D-5A9754A9C8BD}.Release|Any CPU.ActiveCfg = Release|Any CPU
		{BA1078C8-8F00-4AC0-818D-5A9754A9C8BD}.Release|Any CPU.Build.0 = Release|Any CPU
		{B7F6A951-ECE3-4BDD-BE20-0F7FFD944695}.Debug|Any CPU.ActiveCfg = Debug|Any CPU
		{B7F6A951-ECE3-4BDD-BE20-0F7FFD944695}.Debug|Any CPU.Build.0 = Debug|Any CPU
		{B7F6A951-ECE3-4BDD-BE20-0F7FFD944695}.Release|Any CPU.ActiveCfg = Release|Any CPU
		{B7F6A951-ECE3-4BDD-BE20-0F7FFD944695}.Release|Any CPU.Build.0 = Release|Any CPU
	EndGlobalSection
	GlobalSection(SolutionProperties) = preSolution
		HideSolutionNode = FALSE
	EndGlobalSection
EndGlobal
